
Microsoft Visual Studio Solution File, Format Version 12.00
# Visual Studio Version 17
VisualStudioVersion = 17.3.32929.385
MinimumVisualStudioVersion = 10.0.40219.1
Project("{FAE04EC0-301F-11D3-BF4B-00C04F79EFBC}") = "Act4", "Act4.csproj", "{2435A85D-4476-4355-8FA1-207CC2C36246}"
EndProject
Global
	GlobalSection(SolutionConfigurationPlatforms) = preSolution
		Debug|Any CPU = Debug|Any CPU
		Release|Any CPU = Release|Any CPU
	EndGlobalSection
	GlobalSection(ProjectConfigurationPlatforms) = postSolution
		{2435A85D-4476-4355-8FA1-207CC2C36246}.Debug|Any CPU.ActiveCfg = Debug|Any CPU
		{2435A85D-4476-4355-8FA1-207CC2C36246}.Debug|Any CPU.Build.0 = Debug|Any CPU
		{2435A85D-4476-4355-8FA1-207CC2C36246}.Release|Any CPU.ActiveCfg = Release|Any CPU
		{2435A85D-4476-4355-8FA1-207CC2C36246}.Release|Any CPU.Build.0 = Release|Any CPU
	EndGlobalSection
	GlobalSection(SolutionProperties) = preSolution
		HideSolutionNode = FALSE
	EndGlobalSection
	GlobalSection(ExtensibilityGlobals) = postSolution
		SolutionGuid = {27528F93-4818-4C20-8A2F-1C98114FFA37}
	EndGlobalSection
EndGlobal
